// !$*UTF8*$!
{
	archiveVersion = 1;
	classes = {
	};
	objectVersion = 46;
	objects = {

/* Begin PBXBuildFile section */
		CC41B9B31F4413310050C91D /* AppDelegate.swift in Sources */ = {isa = PBXBuildFile; fileRef = CC41B9B21F4413310050C91D /* AppDelegate.swift */; };
		CC41B9B51F4413310050C91D /* ViewController.swift in Sources */ = {isa = PBXBuildFile; fileRef = CC41B9B41F4413310050C91D /* ViewController.swift */; };
		CC41B9B81F4413310050C91D /* Main.storyboard in Resources */ = {isa = PBXBuildFile; fileRef = CC41B9B61F4413310050C91D /* Main.storyboard */; };
		CC41B9BA1F4413310050C91D /* Assets.xcassets in Resources */ = {isa = PBXBuildFile; fileRef = CC41B9B91F4413310050C91D /* Assets.xcassets */; };
		CC41B9BD1F4413310050C91D /* LaunchScreen.storyboard in Resources */ = {isa = PBXBuildFile; fileRef = CC41B9BB1F4413310050C91D /* LaunchScreen.storyboard */; };
		CC41B9C81F4413310050C91D /* tip_calcTests.swift in Sources */ = {isa = PBXBuildFile; fileRef = CC41B9C71F4413310050C91D /* tip_calcTests.swift */; };
		CC41B9D31F4413310050C91D /* tip_calcUITests.swift in Sources */ = {isa = PBXBuildFile; fileRef = CC41B9D21F4413310050C91D /* tip_calcUITests.swift */; };
/* End PBXBuildFile section */

/* Begin PBXContainerItemProxy section */
		CC41B9C41F4413310050C91D /* PBXContainerItemProxy */ = {
			isa = PBXContainerItemProxy;
			containerPortal = CC41B9A71F4413310050C91D /* Project object */;
			proxyType = 1;
			remoteGlobalIDString = CC41B9AE1F4413310050C91D;
			remoteInfo = "tip calc";
		};
		CC41B9CF1F4413310050C91D /* PBXContainerItemProxy */ = {
			isa = PBXContainerItemProxy;
			containerPortal = CC41B9A71F4413310050C91D /* Project object */;
			proxyType = 1;
			remoteGlobalIDString = CC41B9AE1F4413310050C91D;
			remoteInfo = "tip calc";
		};
/* End PBXContainerItemProxy section */

/* Begin PBXFileReference section */
		CC41B9AF1F4413310050C91D /* tip calc.app */ = {isa = PBXFileReference; explicitFileType = wrapper.application; includeInIndex = 0; path = "tip calc.app"; sourceTree = BUILT_PRODUCTS_DIR; };
		CC41B9B21F4413310050C91D /* AppDelegate.swift */ = {isa = PBXFileReference; lastKnownFileType = sourcecode.swift; path = AppDelegate.swift; sourceTree = "<group>"; };
		CC41B9B41F4413310050C91D /* ViewController.swift */ = {isa = PBXFileReference; lastKnownFileType = sourcecode.swift; path = ViewController.swift; sourceTree = "<group>"; };
		CC41B9B71F4413310050C91D /* Base */ = {isa = PBXFileReference; lastKnownFileType = file.storyboard; name = Base; path = Base.lproj/Main.storyboard; sourceTree = "<group>"; };
		CC41B9B91F4413310050C91D /* Assets.xcassets */ = {isa = PBXFileReference; lastKnownFileType = folder.assetcatalog; path = Assets.xcassets; sourceTree = "<group>"; };
		CC41B9BC1F4413310050C91D /* Base */ = {isa = PBXFileReference; lastKnownFileType = file.storyboard; name = Base; path = Base.lproj/LaunchScreen.storyboard; sourceTree = "<group>"; };
		CC41B9BE1F4413310050C91D /* Info.plist */ = {isa = PBXFileReference; lastKnownFileType = text.plist.xml; path = Info.plist; sourceTree = "<group>"; };
		CC41B9C31F4413310050C91D /* tip calcTests.xctest */ = {isa = PBXFileReference; explicitFileType = wrapper.cfbundle; includeInIndex = 0; path = "tip calcTests.xctest"; sourceTree = BUILT_PRODUCTS_DIR; };
		CC41B9C71F4413310050C91D /* tip_calcTests.swift */ = {isa = PBXFileReference; lastKnownFileType = sourcecode.swift; path = tip_calcTests.swift; sourceTree = "<group>"; };
		CC41B9C91F4413310050C91D /* Info.plist */ = {isa = PBXFileReference; lastKnownFileType = text.plist.xml; path = Info.plist; sourceTree = "<group>"; };
		CC41B9CE1F4413310050C91D /* tip calcUITests.xctest */ = {isa = PBXFileReference; explicitFileType = wrapper.cfbundle; includeInIndex = 0; path = "tip calcUITests.xctest"; sourceTree = BUILT_PRODUCTS_DIR; };
		CC41B9D21F4413310050C91D /* tip_calcUITests.swift */ = {isa = PBXFileReference; lastKnownFileType = sourcecode.swift; path = tip_calcUITests.swift; sourceTree = "<group>"; };
		CC41B9D41F4413310050C91D /* Info.plist */ = {isa = PBXFileReference; lastKnownFileType = text.plist.xml; path = Info.plist; sourceTree = "<group>"; };
/* End PBXFileReference section */

/* Begin PBXFrameworksBuildPhase section */
		CC41B9AC1F4413310050C91D /* Frameworks */ = {
			isa = PBXFrameworksBuildPhase;
			buildActionMask = 2147483647;
			files = (
			);
			runOnlyForDeploymentPostprocessing = 0;
		};
		CC41B9C01F4413310050C91D /* Frameworks */ = {
			isa = PBXFrameworksBuildPhase;
			buildActionMask = 2147483647;
			files = (
			);
			runOnlyForDeploymentPostprocessing = 0;
		};
		CC41B9CB1F4413310050C91D /* Frameworks */ = {
			isa = PBXFrameworksBuildPhase;
			buildActionMask = 2147483647;
			files = (
			);
			runOnlyForDeploymentPostprocessing = 0;
		};
/* End PBXFrameworksBuildPhase section */

/* Begin PBXGroup section */
		CC41B9A61F4413310050C91D = {
			isa = PBXGroup;
			children = (
				CC41B9B11F4413310050C91D /* tip calc */,
				CC41B9C61F4413310050C91D /* tip calcTests */,
				CC41B9D11F4413310050C91D /* tip calcUITests */,
				CC41B9B01F4413310050C91D /* Products */,
			);
			sourceTree = "<group>";
		};
		CC41B9B01F4413310050C91D /* Products */ = {
			isa = PBXGroup;
			children = (
				CC41B9AF1F4413310050C91D /* tip calc.app */,
				CC41B9C31F4413310050C91D /* tip calcTests.xctest */,
				CC41B9CE1F4413310050C91D /* tip calcUITests.xctest */,
			);
			name = Products;
			sourceTree = "<group>";
		};
		CC41B9B11F4413310050C91D /* tip calc */ = {
			isa = PBXGroup;
			children = (
				CC41B9B21F4413310050C91D /* AppDelegate.swift */,
				CC41B9B41F4413310050C91D /* ViewController.swift */,
				CC41B9B61F4413310050C91D /* Main.storyboard */,
				CC41B9B91F4413310050C91D /* Assets.xcassets */,
				CC41B9BB1F4413310050C91D /* LaunchScreen.storyboard */,
				CC41B9BE1F4413310050C91D /* Info.plist */,
			);
			path = "tip calc";
			sourceTree = "<group>";
		};
		CC41B9C61F4413310050C91D /* tip calcTests */ = {
			isa = PBXGroup;
			children = (
				CC41B9C71F4413310050C91D /* tip_calcTests.swift */,
				CC41B9C91F4413310050C91D /* Info.plist */,
			);
			path = "tip calcTests";
			sourceTree = "<group>";
		};
		CC41B9D11F4413310050C91D /* tip calcUITests */ = {
			isa = PBXGroup;
			children = (
				CC41B9D21F4413310050C91D /* tip_calcUITests.swift */,
				CC41B9D41F4413310050C91D /* Info.plist */,
			);
			path = "tip calcUITests";
			sourceTree = "<group>";
		};
/* End PBXGroup section */

/* Begin PBXNativeTarget section */
		CC41B9AE1F4413310050C91D /* tip calc */ = {
			isa = PBXNativeTarget;
			buildConfigurationList = CC41B9D71F4413310050C91D /* Build configuration list for PBXNativeTarget "tip calc" */;
			buildPhases = (
				CC41B9AB1F4413310050C91D /* Sources */,
				CC41B9AC1F4413310050C91D /* Frameworks */,
				CC41B9AD1F4413310050C91D /* Resources */,
			);
			buildRules = (
			);
			dependencies = (
			);
			name = "tip calc";
			productName = "tip calc";
			productReference = CC41B9AF1F4413310050C91D /* tip calc.app */;
			productType = "com.apple.product-type.application";
		};
		CC41B9C21F4413310050C91D /* tip calcTests */ = {
			isa = PBXNativeTarget;
			buildConfigurationList = CC41B9DA1F4413310050C91D /* Build configuration list for PBXNativeTarget "tip calcTests" */;
			buildPhases = (
				CC41B9BF1F4413310050C91D /* Sources */,
				CC41B9C01F4413310050C91D /* Frameworks */,
				CC41B9C11F4413310050C91D /* Resources */,
			);
			buildRules = (
			);
			dependencies = (
				CC41B9C51F4413310050C91D /* PBXTargetDependency */,
			);
			name = "tip calcTests";
			productName = "tip calcTests";
			productReference = CC41B9C31F4413310050C91D /* tip calcTests.xctest */;
			productType = "com.apple.product-type.bundle.unit-test";
		};
		CC41B9CD1F4413310050C91D /* tip calcUITests */ = {
			isa = PBXNativeTarget;
			buildConfigurationList = CC41B9DD1F4413310050C91D /* Build configuration list for PBXNativeTarget "tip calcUITests" */;
			buildPhases = (
				CC41B9CA1F4413310050C91D /* Sources */,
				CC41B9CB1F4413310050C91D /* Frameworks */,
				CC41B9CC1F4413310050C91D /* Resources */,
			);
			buildRules = (
			);
			dependencies = (
				CC41B9D01F4413310050C91D /* PBXTargetDependency */,
			);
			name = "tip calcUITests";
			productName = "tip calcUITests";
			productReference = CC41B9CE1F4413310050C91D /* tip calcUITests.xctest */;
			productType = "com.apple.product-type.bundle.ui-testing";
		};
/* End PBXNativeTarget section */

/* Begin PBXProject section */
		CC41B9A71F4413310050C91D /* Project object */ = {
			isa = PBXProject;
			attributes = {
				LastSwiftUpdateCheck = 0830;
				LastUpgradeCheck = 0830;
				ORGANIZATIONNAME = "Jetty Sapinoso";
				TargetAttributes = {
					CC41B9AE1F4413310050C91D = {
						CreatedOnToolsVersion = 8.3.3;
						ProvisioningStyle = Automatic;
					};
					CC41B9C21F4413310050C91D = {
						CreatedOnToolsVersion = 8.3.3;
						ProvisioningStyle = Automatic;
						TestTargetID = CC41B9AE1F4413310050C91D;
					};
					CC41B9CD1F4413310050C91D = {
						CreatedOnToolsVersion = 8.3.3;
						ProvisioningStyle = Automatic;
						TestTargetID = CC41B9AE1F4413310050C91D;
					};
				};
			};
			buildConfigurationList = CC41B9AA1F4413310050C91D /* Build configuration list for PBXProject "tip calc" */;
			compatibilityVersion = "Xcode 3.2";
			developmentRegion = English;
			hasScannedForEncodings = 0;
			knownRegions = (
				en,
				Base,
			);
			mainGroup = CC41B9A61F4413310050C91D;
			productRefGroup = CC41B9B01F4413310050C91D /* Products */;
			projectDirPath = "";
			projectRoot = "";
			targets = (
				CC41B9AE1F4413310050C91D /* tip calc */,
				CC41B9C21F4413310050C91D /* tip calcTests */,
				CC41B9CD1F4413310050C91D /* tip calcUITests */,
			);
		};
/* End PBXProject section */

/* Begin PBXResourcesBuildPhase section */
		CC41B9AD1F4413310050C91D /* Resources */ = {
			isa = PBXResourcesBuildPhase;
			buildActionMask = 2147483647;
			files = (
				CC41B9BD1F4413310050C91D /* LaunchScreen.storyboard in Resources */,
				CC41B9BA1F4413310050C91D /* Assets.xcassets in Resources */,
				CC41B9B81F4413310050C91D /* Main.storyboard in Resources */,
			);
			runOnlyForDeploymentPostprocessing = 0;
		};
		CC41B9C11F4413310050C91D /* Resources */ = {
			isa = PBXResourcesBuildPhase;
			buildActionMask = 2147483647;
			files = (
			);
			runOnlyForDeploymentPostprocessing = 0;
		};
		CC41B9CC1F4413310050C91D /* Resources */ = {
			isa = PBXResourcesBuildPhase;
			buildActionMask = 2147483647;
			files = (
			);
			runOnlyForDeploymentPostprocessing = 0;
		};
/* End PBXResourcesBuildPhase section */

/* Begin PBXSourcesBuildPhase section */
		CC41B9AB1F4413310050C91D /* Sources */ = {
			isa = PBXSourcesBuildPhase;
			buildActionMask = 2147483647;
			files = (
				CC41B9B51F4413310050C91D /* ViewController.swift in Sources */,
				CC41B9B31F4413310050C91D /* AppDelegate.swift in Sources */,
			);
			runOnlyForDeploymentPostprocessing = 0;
		};
		CC41B9BF1F4413310050C91D /* Sources */ = {
			isa = PBXSourcesBuildPhase;
			buildActionMask = 2147483647;
			files = (
				CC41B9C81F4413310050C91D /* tip_calcTests.swift in Sources */,
			);
			runOnlyForDeploymentPostprocessing = 0;
		};
		CC41B9CA1F4413310050C91D /* Sources */ = {
			isa = PBXSourcesBuildPhase;
			buildActionMask = 2147483647;
			files = (
				CC41B9D31F4413310050C91D /* tip_calcUITests.swift in Sources */,
			);
			runOnlyForDeploymentPostprocessing = 0;
		};
/* End PBXSourcesBuildPhase section */

/* Begin PBXTargetDependency section */
		CC41B9C51F4413310050C91D /* PBXTargetDependency */ = {
			isa = PBXTargetDependency;
			target = CC41B9AE1F4413310050C91D /* tip calc */;
			targetProxy = CC41B9C41F4413310050C91D /* PBXContainerItemProxy */;
		};
		CC41B9D01F4413310050C91D /* PBXTargetDependency */ = {
			isa = PBXTargetDependency;
			target = CC41B9AE1F4413310050C91D /* tip calc */;
			targetProxy = CC41B9CF1F4413310050C91D /* PBXContainerItemProxy */;
		};
/* End PBXTargetDependency section */

/* Begin PBXVariantGroup section */
		CC41B9B61F4413310050C91D /* Main.storyboard */ = {
			isa = PBXVariantGroup;
			children = (
				CC41B9B71F4413310050C91D /* Base */,
			);
			name = Main.storyboard;
			sourceTree = "<group>";
		};
		CC41B9BB1F4413310050C91D /* LaunchScreen.storyboard */ = {
			isa = PBXVariantGroup;
			children = (
				CC41B9BC1F4413310050C91D /* Base */,
			);
			name = LaunchScreen.storyboard;
			sourceTree = "<group>";
		};
/* End PBXVariantGroup section */

/* Begin XCBuildConfiguration section */
		CC41B9D51F4413310050C91D /* Debug */ = {
			isa = XCBuildConfiguration;
			buildSettings = {
				ALWAYS_SEARCH_USER_PATHS = NO;
				CLANG_ANALYZER_NONNULL = YES;
				CLANG_ANALYZER_NUMBER_OBJECT_CONVERSION = YES_AGGRESSIVE;
				CLANG_CXX_LANGUAGE_STANDARD = "gnu++0x";
				CLANG_CXX_LIBRARY = "libc++";
				CLANG_ENABLE_MODULES = YES;
				CLANG_ENABLE_OBJC_ARC = YES;
				CLANG_WARN_BOOL_CONVERSION = YES;
				CLANG_WARN_CONSTANT_CONVERSION = YES;
				CLANG_WARN_DIRECT_OBJC_ISA_USAGE = YES_ERROR;
				CLANG_WARN_DOCUMENTATION_COMMENTS = YES;
				CLANG_WARN_EMPTY_BODY = YES;
				CLANG_WARN_ENUM_CONVERSION = YES;
				CLANG_WARN_INFINITE_RECURSION = YES;
				CLANG_WARN_INT_CONVERSION = YES;
				CLANG_WARN_OBJC_ROOT_CLASS = YES_ERROR;
				CLANG_WARN_SUSPICIOUS_MOVE = YES;
				CLANG_WARN_UNREACHABLE_CODE = YES;
				CLANG_WARN__DUPLICATE_METHOD_MATCH = YES;
				"CODE_SIGN_IDENTITY[sdk=iphoneos*]" = "iPhone Developer";
				COPY_PHASE_STRIP = NO;
				DEBUG_INFORMATION_FORMAT = dwarf;
				ENABLE_STRICT_OBJC_MSGSEND = YES;
				ENABLE_TESTABILITY = YES;
				GCC_C_LANGUAGE_STANDARD = gnu99;
				GCC_DYNAMIC_NO_PIC = NO;
				GCC_NO_COMMON_BLOCKS = YES;
				GCC_OPTIMIZATION_LEVEL = 0;
				GCC_PREPROCESSOR_DEFINITIONS = (
					"DEBUG=1",
					"$(inherited)",
				);
				GCC_WARN_64_TO_32_BIT_CONVERSION = YES;
				GCC_WARN_ABOUT_RETURN_TYPE = YES_ERROR;
				GCC_WARN_UNDECLARED_SELECTOR = YES;
				GCC_WARN_UNINITIALIZED_AUTOS = YES_AGGRESSIVE;
				GCC_WARN_UNUSED_FUNCTION = YES;
				GCC_WARN_UNUSED_VARIABLE = YES;
				IPHONEOS_DEPLOYMENT_TARGET = 10.3;
				MTL_ENABLE_DEBUG_INFO = YES;
				ONLY_ACTIVE_ARCH = YES;
				SDKROOT = iphoneos;
				SWIFT_ACTIVE_COMPILATION_CONDITIONS = DEBUG;
				SWIFT_OPTIMIZATION_LEVEL = "-Onone";
			};
			name = Debug;
		};
		CC41B9D61F4413310050C91D /* Release */ = {
			isa = XCBuildConfiguration;
			buildSettings = {
				ALWAYS_SEARCH_USER_PATHS = NO;
				CLANG_ANALYZER_NONNULL = YES;
				CLANG_ANALYZER_NUMBER_OBJECT_CONVERSION = YES_AGGRESSIVE;
				CLANG_CXX_LANGUAGE_STANDARD = "gnu++0x";
				CLANG_CXX_LIBRARY = "libc++";
				CLANG_ENABLE_MODULES = YES;
				CLANG_ENABLE_OBJC_ARC = YES;
				CLANG_WARN_BOOL_CONVERSION = YES;
				CLANG_WARN_CONSTANT_CONVERSION = YES;
				CLANG_WARN_DIRECT_OBJC_ISA_USAGE = YES_ERROR;
				CLANG_WARN_DOCUMENTATION_COMMENTS = YES;
				CLANG_WARN_EMPTY_BODY = YES;
				CLANG_WARN_ENUM_CONVERSION = YES;
				CLANG_WARN_INFINITE_RECURSION = YES;
				CLANG_WARN_INT_CONVERSION = YES;
				CLANG_WARN_OBJC_ROOT_CLASS = YES_ERROR;
				CLANG_WARN_SUSPICIOUS_MOVE = YES;
				CLANG_WARN_UNREACHABLE_CODE = YES;
				CLANG_WARN__DUPLICATE_METHOD_MATCH = YES;
				"CODE_SIGN_IDENTITY[sdk=iphoneos*]" = "iPhone Developer";
				COPY_PHASE_STRIP = NO;
				DEBUG_INFORMATION_FORMAT = "dwarf-with-dsym";
				ENABLE_NS_ASSERTIONS = NO;
				ENABLE_STRICT_OBJC_MSGSEND = YES;
				GCC_C_LANGUAGE_STANDARD = gnu99;
				GCC_NO_COMMON_BLOCKS = YES;
				GCC_WARN_64_TO_32_BIT_CONVERSION = YES;
				GCC_WARN_ABOUT_RETURN_TYPE = YES_ERROR;
				GCC_WARN_UNDECLARED_SELECTOR = YES;
				GCC_WARN_UNINITIALIZED_AUTOS = YES_AGGRESSIVE;
				GCC_WARN_UNUSED_FUNCTION = YES;
				GCC_WARN_UNUSED_VARIABLE = YES;
				IPHONEOS_DEPLOYMENT_TARGET = 10.3;
				MTL_ENABLE_DEBUG_INFO = NO;
				SDKROOT = iphoneos;
				SWIFT_OPTIMIZATION_LEVEL = "-Owholemodule";
				VALIDATE_PRODUCT = YES;
			};
			name = Release;
		};
		CC41B9D81F4413310050C91D /* Debug */ = {
			isa = XCBuildConfiguration;
			buildSettings = {
				ASSETCATALOG_COMPILER_APPICON_NAME = AppIcon;
				INFOPLIST_FILE = "tip calc/Info.plist";
				LD_RUNPATH_SEARCH_PATHS = "$(inherited) @executable_path/Frameworks";
				PRODUCT_BUNDLE_IDENTIFIER = "jsapdevs.com.tip-calc";
				PRODUCT_NAME = "$(TARGET_NAME)";
				SWIFT_VERSION = 3.0;
			};
			name = Debug;
		};
		CC41B9D91F4413310050C91D /* Release */ = {
			isa = XCBuildConfiguration;
			buildSettings = {
				ASSETCATALOG_COMPILER_APPICON_NAME = AppIcon;
				INFOPLIST_FILE = "tip calc/Info.plist";
				LD_RUNPATH_SEARCH_PATHS = "$(inherited) @executable_path/Frameworks";
				PRODUCT_BUNDLE_IDENTIFIER = "jsapdevs.com.tip-calc";
				PRODUCT_NAME = "$(TARGET_NAME)";
				SWIFT_VERSION = 3.0;
			};
			name = Release;
		};
		CC41B9DB1F4413310050C91D /* Debug */ = {
			isa = XCBuildConfiguration;
			buildSettings = {
				ALWAYS_EMBED_SWIFT_STANDARD_LIBRARIES = YES;
				BUNDLE_LOADER = "$(TEST_HOST)";
				INFOPLIST_FILE = "tip calcTests/Info.plist";
				LD_RUNPATH_SEARCH_PATHS = "$(inherited) @executable_path/Frameworks @loader_path/Frameworks";
				PRODUCT_BUNDLE_IDENTIFIER = "jsapdevs.com.tip-calcTests";
				PRODUCT_NAME = "$(TARGET_NAME)";
				SWIFT_VERSION = 3.0;
				TEST_HOST = "$(BUILT_PRODUCTS_DIR)/tip calc.app/tip calc";
			};
			name = Debug;
		};
		CC41B9DC1F4413310050C91D /* Release */ = {
			isa = XCBuildConfiguration;
			buildSettings = {
				ALWAYS_EMBED_SWIFT_STANDARD_LIBRARIES = YES;
				BUNDLE_LOADER = "$(TEST_HOST)";
				INFOPLIST_FILE = "tip calcTests/Info.plist";
				LD_RUNPATH_SEARCH_PATHS = "$(inherited) @executable_path/Frameworks @loader_path/Frameworks";
				PRODUCT_BUNDLE_IDENTIFIER = "jsapdevs.com.tip-calcTests";
				PRODUCT_NAME = "$(TARGET_NAME)";
				SWIFT_VERSION = 3.0;
				TEST_HOST = "$(BUILT_PRODUCTS_DIR)/tip calc.app/tip calc";
			};
			name = Release;
		};
		CC41B9DE1F4413310050C91D /* Debug */ = {
			isa = XCBuildConfiguration;
			buildSettings = {
				ALWAYS_EMBED_SWIFT_STANDARD_LIBRARIES = YES;
				INFOPLIST_FILE = "tip calcUITests/Info.plist";
				LD_RUNPATH_SEARCH_PATHS = "$(inherited) @executable_path/Frameworks @loader_path/Frameworks";
				PRODUCT_BUNDLE_IDENTIFIER = "jsapdevs.com.tip-calcUITests";
				PRODUCT_NAME = "$(TARGET_NAME)";
				SWIFT_VERSION = 3.0;
				TEST_TARGET_NAME = "tip calc";
			};
			name = Debug;
		};
		CC41B9DF1F4413310050C91D /* Release */ = {
			isa = XCBuildConfiguration;
			buildSettings = {
				ALWAYS_EMBED_SWIFT_STANDARD_LIBRARIES = YES;
				INFOPLIST_FILE = "tip calcUITests/Info.plist";
				LD_RUNPATH_SEARCH_PATHS = "$(inherited) @executable_path/Frameworks @loader_path/Frameworks";
				PRODUCT_BUNDLE_IDENTIFIER = "jsapdevs.com.tip-calcUITests";
				PRODUCT_NAME = "$(TARGET_NAME)";
				SWIFT_VERSION = 3.0;
				TEST_TARGET_NAME = "tip calc";
			};
			name = Release;
		};
/* End XCBuildConfiguration section */

/* Begin XCConfigurationList section */
		CC41B9AA1F4413310050C91D /* Build configuration list for PBXProject "tip calc" */ = {
			isa = XCConfigurationList;
			buildConfigurations = (
				CC41B9D51F4413310050C91D /* Debug */,
				CC41B9D61F4413310050C91D /* Release */,
			);
			defaultConfigurationIsVisible = 0;
			defaultConfigurationName = Release;
		};
		CC41B9D71F4413310050C91D /* Build configuration list for PBXNativeTarget "tip calc" */ = {
			isa = XCConfigurationList;
			buildConfigurations = (
				CC41B9D81F4413310050C91D /* Debug */,
				CC41B9D91F4413310050C91D /* Release */,
			);
			defaultConfigurationIsVisible = 0;
		};
		CC41B9DA1F4413310050C91D /* Build configuration list for PBXNativeTarget "tip calcTests" */ = {
			isa = XCConfigurationList;
			buildConfigurations = (
				CC41B9DB1F4413310050C91D /* Debug */,
				CC41B9DC1F4413310050C91D /* Release */,
			);
			defaultConfigurationIsVisible = 0;
		};
		CC41B9DD1F4413310050C91D /* Build configuration list for PBXNativeTarget "tip calcUITests" */ = {
			isa = XCConfigurationList;
			buildConfigurations = (
				CC41B9DE1F4413310050C91D /* Debug */,
				CC41B9DF1F4413310050C91D /* Release */,
			);
			defaultConfigurationIsVisible = 0;
		};
/* End XCConfigurationList section */
	};
	rootObject = CC41B9A71F4413310050C91D /* Project object */;
}
